{
  "version": 4,
  "terraform_version": "1.1.4",
  "serial": 14,
  "lineage": "3ca3f1f2-12a5-ec9e-8b56-a5924cc68f5f",
  "outputs": {
    "aws_ami_id": {
      "value": "ami-05e9dcd968a981160",
      "type": "string"
    }
  },
  "resources": [
    {
      "mode": "data",
      "type": "aws_ami",
      "name": "ubuntu",
      "provider": "provider[\"registry.terraform.io/hashicorp/aws\"]",
      "instances": [
        {
          "schema_version": 0,
          "attributes": {
            "architecture": "x86_64",
            "arn": "arn:aws:ec2:us-east-1::image/ami-05e9dcd968a981160",
            "block_device_mappings": [
              {
                "device_name": "/dev/sda1",
                "ebs": {
                  "delete_on_termination": "true",
                  "encrypted": "false",
                  "iops": "0",
                  "snapshot_id": "snap-0254a46ad50de2c70",
                  "throughput": "0",
                  "volume_size": "8",
                  "volume_type": "gp2"
                },
                "no_device": "",
                "virtual_name": ""
              },
              {
                "device_name": "/dev/sdb",
                "ebs": {},
                "no_device": "",
                "virtual_name": "ephemeral0"
              },
              {
                "device_name": "/dev/sdc",
                "ebs": {},
                "no_device": "",
                "virtual_name": "ephemeral1"
              }
            ],
            "boot_mode": "",
            "creation_date": "2022-06-08T00:12:25.000Z",
            "deprecation_time": "2024-06-08T00:12:25.000Z",
            "description": "Canonical, Ubuntu, 20.04 LTS, amd64 focal image build on 2022-06-07",
            "ena_support": true,
            "executable_users": null,
            "filter": [
              {
                "name": "name",
                "values": [
                  "ubuntu/images/hvm-ssd/ubuntu-focal-20.04-amd64-server-*"
                ]
              },
              {
                "name": "virtualization-type",
                "values": [
                  "hvm"
                ]
              }
            ],
            "hypervisor": "xen",
            "id": "ami-05e9dcd968a981160",
            "image_id": "ami-05e9dcd968a981160",
            "image_location": "099720109477/ubuntu/images/hvm-ssd/ubuntu-focal-20.04-amd64-server-20220607",
            "image_owner_alias": "",
            "image_type": "machine",
            "kernel_id": "",
            "most_recent": true,
            "name": "ubuntu/images/hvm-ssd/ubuntu-focal-20.04-amd64-server-20220607",
            "name_regex": null,
            "owner_id": "099720109477",
            "owners": [
              "099720109477"
            ],
            "platform": "",
            "platform_details": "Linux/UNIX",
            "product_codes": [],
            "public": true,
            "ramdisk_id": "",
            "root_device_name": "/dev/sda1",
            "root_device_type": "ebs",
            "root_snapshot_id": "snap-0254a46ad50de2c70",
            "sriov_net_support": "simple",
            "state": "available",
            "state_reason": {
              "code": "UNSET",
              "message": "UNSET"
            },
            "tags": {},
            "tpm_support": "",
            "usage_operation": "RunInstances",
            "virtualization_type": "hvm"
          },
          "sensitive_attributes": []
        }
      ]
    },
    {
      "mode": "data",
      "type": "local_file",
      "name": "private_cidr",
      "provider": "provider[\"registry.terraform.io/hashicorp/local\"]",
      "instances": [
        {
          "schema_version": 0,
          "attributes": {
            "content": "terraform {\r\n  required_providers {\r\n    aws = {\r\n      source  = \"hashicorp/aws\"\r\n      version = \"~\u003e 3.0\"\r\n    }\r\n  }\r\n}\r\n\r\nprovider \"aws\" {\r\n  region = \"us-east-1\"\r\n}\r\n\r\nresource \"aws_vpc\" \"main\" {\r\n  cidr_block = var.my_vpc_cidr\r\n\r\n  tags = {\r\n    Name = \"DevOps_VPC\"\r\n  }\r\n}\r\n\r\nlocals {\r\n  public_cidr  = [var.public_cidr]\r\n  private_cidr = [var.private_cidr]\r\n}\r\n\r\nresource \"aws_subnet\" \"public\" {\r\n  count = length(local.public_cidr)\r\n\r\n  vpc_id     = aws_vpc.main.id\r\n  cidr_block = var.public_cidr[count.index]\r\n  #local.public_cidr[count.index]\r\n\r\n  tags = {\r\n    Name = \"public${count.index}\"\r\n  }\r\n}\r\n\r\nresource \"aws_subnet\" \"private\" {\r\n  count = length(local.private_cidr)\r\n\r\n  vpc_id     = aws_vpc.main.id\r\n  cidr_block = var.private_cidr[count.index]\r\n  #local.private_cidr[count.index]\r\n\r\n  tags = {\r\n    Name = \"private${count.index}\"\r\n  }\r\n}\r\n\r\nresource \"aws_internet_gateway\" \"main\" {\r\n  vpc_id = aws_vpc.main.id\r\n\r\n  tags = {\r\n    Name = \"main\"\r\n  }\r\n}\r\n\r\nresource \"aws_eip\" \"nat\" {\r\n  count = length(local.public_cidr)\r\n  vpc   = true\r\n}\r\n\r\nresource \"aws_nat_gateway\" \"main\" {\r\n  count = length(local.public_cidr)\r\n\r\n  allocation_id = aws_eip.nat[count.index].id\r\n  subnet_id     = aws_subnet.public[count.index].id\r\n\r\n  tags = {\r\n    Name = \"main\"\r\n  }\r\n}\r\n\r\nresource \"aws_route_table\" \"public\" {\r\n  vpc_id = aws_vpc.main.id\r\n\r\n  route {\r\n    cidr_block = \"0.0.0.0/0\"\r\n    gateway_id = aws_internet_gateway.main.id\r\n  }\r\n\r\n  tags = {\r\n    Name = \"public\"\r\n  }\r\n}\r\n\r\nresource \"aws_route_table\" \"private\" {\r\n  count = length(local.private_cidr)\r\n\r\n  vpc_id = aws_vpc.main.id\r\n\r\n  route {\r\n    cidr_block     = \"0.0.0.0/0\"\r\n    nat_gateway_id = aws_nat_gateway.main[count.index].id\r\n  }\r\n\r\n  tags = {\r\n    Name = \"private${count.index}\"\r\n  }\r\n}\r\n\r\nresource \"aws_route_table_association\" \"private\" {\r\n  subnet_id      = aws_subnet.private[0].id\r\n  route_table_id = aws_route_table.private[0].id\r\n}\r\n\r\nresource \"aws_route_table_association\" \"public\" {\r\n  subnet_id      = aws_subnet.public[0].id\r\n  route_table_id = aws_route_table.public.id\r\n}\r\n\r\n\r\n",
            "content_base64": "dGVycmFmb3JtIHsNCiAgcmVxdWlyZWRfcHJvdmlkZXJzIHsNCiAgICBhd3MgPSB7DQogICAgICBzb3VyY2UgID0gImhhc2hpY29ycC9hd3MiDQogICAgICB2ZXJzaW9uID0gIn4+IDMuMCINCiAgICB9DQogIH0NCn0NCg0KcHJvdmlkZXIgImF3cyIgew0KICByZWdpb24gPSAidXMtZWFzdC0xIg0KfQ0KDQpyZXNvdXJjZSAiYXdzX3ZwYyIgIm1haW4iIHsNCiAgY2lkcl9ibG9jayA9IHZhci5teV92cGNfY2lkcg0KDQogIHRhZ3MgPSB7DQogICAgTmFtZSA9ICJEZXZPcHNfVlBDIg0KICB9DQp9DQoNCmxvY2FscyB7DQogIHB1YmxpY19jaWRyICA9IFt2YXIucHVibGljX2NpZHJdDQogIHByaXZhdGVfY2lkciA9IFt2YXIucHJpdmF0ZV9jaWRyXQ0KfQ0KDQpyZXNvdXJjZSAiYXdzX3N1Ym5ldCIgInB1YmxpYyIgew0KICBjb3VudCA9IGxlbmd0aChsb2NhbC5wdWJsaWNfY2lkcikNCg0KICB2cGNfaWQgICAgID0gYXdzX3ZwYy5tYWluLmlkDQogIGNpZHJfYmxvY2sgPSB2YXIucHVibGljX2NpZHJbY291bnQuaW5kZXhdDQogICNsb2NhbC5wdWJsaWNfY2lkcltjb3VudC5pbmRleF0NCg0KICB0YWdzID0gew0KICAgIE5hbWUgPSAicHVibGljJHtjb3VudC5pbmRleH0iDQogIH0NCn0NCg0KcmVzb3VyY2UgImF3c19zdWJuZXQiICJwcml2YXRlIiB7DQogIGNvdW50ID0gbGVuZ3RoKGxvY2FsLnByaXZhdGVfY2lkcikNCg0KICB2cGNfaWQgICAgID0gYXdzX3ZwYy5tYWluLmlkDQogIGNpZHJfYmxvY2sgPSB2YXIucHJpdmF0ZV9jaWRyW2NvdW50LmluZGV4XQ0KICAjbG9jYWwucHJpdmF0ZV9jaWRyW2NvdW50LmluZGV4XQ0KDQogIHRhZ3MgPSB7DQogICAgTmFtZSA9ICJwcml2YXRlJHtjb3VudC5pbmRleH0iDQogIH0NCn0NCg0KcmVzb3VyY2UgImF3c19pbnRlcm5ldF9nYXRld2F5IiAibWFpbiIgew0KICB2cGNfaWQgPSBhd3NfdnBjLm1haW4uaWQNCg0KICB0YWdzID0gew0KICAgIE5hbWUgPSAibWFpbiINCiAgfQ0KfQ0KDQpyZXNvdXJjZSAiYXdzX2VpcCIgIm5hdCIgew0KICBjb3VudCA9IGxlbmd0aChsb2NhbC5wdWJsaWNfY2lkcikNCiAgdnBjICAgPSB0cnVlDQp9DQoNCnJlc291cmNlICJhd3NfbmF0X2dhdGV3YXkiICJtYWluIiB7DQogIGNvdW50ID0gbGVuZ3RoKGxvY2FsLnB1YmxpY19jaWRyKQ0KDQogIGFsbG9jYXRpb25faWQgPSBhd3NfZWlwLm5hdFtjb3VudC5pbmRleF0uaWQNCiAgc3VibmV0X2lkICAgICA9IGF3c19zdWJuZXQucHVibGljW2NvdW50LmluZGV4XS5pZA0KDQogIHRhZ3MgPSB7DQogICAgTmFtZSA9ICJtYWluIg0KICB9DQp9DQoNCnJlc291cmNlICJhd3Nfcm91dGVfdGFibGUiICJwdWJsaWMiIHsNCiAgdnBjX2lkID0gYXdzX3ZwYy5tYWluLmlkDQoNCiAgcm91dGUgew0KICAgIGNpZHJfYmxvY2sgPSAiMC4wLjAuMC8wIg0KICAgIGdhdGV3YXlfaWQgPSBhd3NfaW50ZXJuZXRfZ2F0ZXdheS5tYWluLmlkDQogIH0NCg0KICB0YWdzID0gew0KICAgIE5hbWUgPSAicHVibGljIg0KICB9DQp9DQoNCnJlc291cmNlICJhd3Nfcm91dGVfdGFibGUiICJwcml2YXRlIiB7DQogIGNvdW50ID0gbGVuZ3RoKGxvY2FsLnByaXZhdGVfY2lkcikNCg0KICB2cGNfaWQgPSBhd3NfdnBjLm1haW4uaWQNCg0KICByb3V0ZSB7DQogICAgY2lkcl9ibG9jayAgICAgPSAiMC4wLjAuMC8wIg0KICAgIG5hdF9nYXRld2F5X2lkID0gYXdzX25hdF9nYXRld2F5Lm1haW5bY291bnQuaW5kZXhdLmlkDQogIH0NCg0KICB0YWdzID0gew0KICAgIE5hbWUgPSAicHJpdmF0ZSR7Y291bnQuaW5kZXh9Ig0KICB9DQp9DQoNCnJlc291cmNlICJhd3Nfcm91dGVfdGFibGVfYXNzb2NpYXRpb24iICJwcml2YXRlIiB7DQogIHN1Ym5ldF9pZCAgICAgID0gYXdzX3N1Ym5ldC5wcml2YXRlWzBdLmlkDQogIHJvdXRlX3RhYmxlX2lkID0gYXdzX3JvdXRlX3RhYmxlLnByaXZhdGVbMF0uaWQNCn0NCg0KcmVzb3VyY2UgImF3c19yb3V0ZV90YWJsZV9hc3NvY2lhdGlvbiIgInB1YmxpYyIgew0KICBzdWJuZXRfaWQgICAgICA9IGF3c19zdWJuZXQucHVibGljWzBdLmlkDQogIHJvdXRlX3RhYmxlX2lkID0gYXdzX3JvdXRlX3RhYmxlLnB1YmxpYy5pZA0KfQ0KDQoNCg==",
            "filename": "../network-config/main.tf",
            "id": "8efdb3b3d02de82c80576ad7ffd7154069767d78"
          },
          "sensitive_attributes": []
        }
      ]
    },
    {
      "mode": "managed",
      "type": "aws_elb",
      "name": "load-balancer",
      "provider": "provider[\"registry.terraform.io/hashicorp/aws\"]",
      "instances": [
        {
          "schema_version": 0,
          "attributes": {
            "access_logs": [],
            "arn": "arn:aws:elasticloadbalancing:us-east-1:895792017190:loadbalancer/load-balancer",
            "availability_zones": [
              "us-east-1a",
              "us-east-1b",
              "us-east-1c"
            ],
            "connection_draining": true,
            "connection_draining_timeout": 200,
            "cross_zone_load_balancing": true,
            "desync_mitigation_mode": "defensive",
            "dns_name": "load-balancer-769536192.us-east-1.elb.amazonaws.com",
            "health_check": [
              {
                "healthy_threshold": 2,
                "interval": 30,
                "target": "HTTP:80/",
                "timeout": 3,
                "unhealthy_threshold": 2
              }
            ],
            "id": "load-balancer",
            "idle_timeout": 200,
            "instances": [
              "i-0bd94357703d6906b"
            ],
            "internal": false,
            "listener": [
              {
                "instance_port": 80,
                "instance_protocol": "http",
                "lb_port": 80,
                "lb_protocol": "http",
                "ssl_certificate_id": ""
              }
            ],
            "name": "load-balancer",
            "name_prefix": null,
            "security_groups": [
              "sg-0aba4d9c15b36615c"
            ],
            "source_security_group": "895792017190/default_elb_00ec0bf0-b715-3b01-a422-2b5850e23ac9",
            "source_security_group_id": "sg-0aba4d9c15b36615c",
            "subnets": [
              "subnet-06a635987b7305b12",
              "subnet-08ac48c958a11d241",
              "subnet-0b2db4b700ab6d344"
            ],
            "tags": {
              "Name": "load-balancer"
            },
            "tags_all": {
              "Name": "load-balancer"
            },
            "zone_id": "Z35SXDOTRQ7X7K"
          },
          "sensitive_attributes": [],
          "private": "bnVsbA==",
          "dependencies": [
            "aws_instance.web",
            "aws_key_pair.ssh-key",
            "data.aws_ami.ubuntu"
          ]
        }
      ]
    },
    {
      "mode": "managed",
      "type": "aws_instance",
      "name": "web",
      "provider": "provider[\"registry.terraform.io/hashicorp/aws\"]",
      "instances": [
        {
          "schema_version": 1,
          "attributes": {
            "ami": "ami-05e9dcd968a981160",
            "arn": "arn:aws:ec2:us-east-1:895792017190:instance/i-0bd94357703d6906b",
            "associate_public_ip_address": true,
            "availability_zone": "us-east-1a",
            "capacity_reservation_specification": [
              {
                "capacity_reservation_preference": "open",
                "capacity_reservation_target": []
              }
            ],
            "cpu_core_count": 1,
            "cpu_threads_per_core": 1,
            "credit_specification": [
              {
                "cpu_credits": "standard"
              }
            ],
            "disable_api_termination": false,
            "ebs_block_device": [],
            "ebs_optimized": false,
            "enclave_options": [
              {
                "enabled": false
              }
            ],
            "ephemeral_block_device": [],
            "get_password_data": false,
            "hibernation": false,
            "host_id": null,
            "iam_instance_profile": "",
            "id": "i-0bd94357703d6906b",
            "instance_initiated_shutdown_behavior": "stop",
            "instance_state": "running",
            "instance_type": "t2.micro",
            "ipv6_address_count": 0,
            "ipv6_addresses": [],
            "key_name": "server-key",
            "launch_template": [],
            "maintenance_options": [
              {
                "auto_recovery": "default"
              }
            ],
            "metadata_options": [
              {
                "http_endpoint": "enabled",
                "http_put_response_hop_limit": 1,
                "http_tokens": "optional",
                "instance_metadata_tags": "disabled"
              }
            ],
            "monitoring": false,
            "network_interface": [],
            "outpost_arn": "",
            "password_data": "",
            "placement_group": "",
            "placement_partition_number": null,
            "primary_network_interface_id": "eni-02b2006788c172fcd",
            "private_dns": "ip-172-31-88-90.ec2.internal",
            "private_ip": "172.31.88.90",
            "public_dns": "ec2-3-82-215-186.compute-1.amazonaws.com",
            "public_ip": "3.82.215.186",
            "root_block_device": [
              {
                "delete_on_termination": true,
                "device_name": "/dev/sda1",
                "encrypted": false,
                "iops": 100,
                "kms_key_id": "",
                "tags": {},
                "throughput": 0,
                "volume_id": "vol-0a27e43ddba87692d",
                "volume_size": 8,
                "volume_type": "gp2"
              }
            ],
            "secondary_private_ips": [],
            "security_groups": [
              "default"
            ],
            "source_dest_check": true,
            "subnet_id": "subnet-06a635987b7305b12",
            "tags": {
              "Name": "Hello-DevOps"
            },
            "tags_all": {
              "Name": "Hello-DevOps"
            },
            "tenancy": "default",
            "timeouts": null,
            "user_data": "4a4af5954c6f55740f4475ed827f86696817a46b",
            "user_data_base64": null,
            "user_data_replace_on_change": false,
            "volume_tags": null,
            "vpc_security_group_ids": [
              "sg-0c5bc3b81a6ad07af"
            ]
          },
          "sensitive_attributes": [],
          "private": "eyJlMmJmYjczMC1lY2FhLTExZTYtOGY4OC0zNDM2M2JjN2M0YzAiOnsiY3JlYXRlIjo2MDAwMDAwMDAwMDAsImRlbGV0ZSI6MTIwMDAwMDAwMDAwMCwidXBkYXRlIjo2MDAwMDAwMDAwMDB9LCJzY2hlbWFfdmVyc2lvbiI6IjEifQ==",
          "dependencies": [
            "aws_key_pair.ssh-key",
            "data.aws_ami.ubuntu"
          ]
        }
      ]
    },
    {
      "mode": "managed",
      "type": "aws_key_pair",
      "name": "ssh-key",
      "provider": "provider[\"registry.terraform.io/hashicorp/aws\"]",
      "instances": [
        {
          "schema_version": 1,
          "attributes": {
            "arn": "arn:aws:ec2:us-east-1:895792017190:key-pair/server-key",
            "fingerprint": "59:e2:0f:01:94:57:69:4d:74:4f:e9:cc:5b:53:9a:38",
            "id": "server-key",
            "key_name": "server-key",
            "key_name_prefix": "",
            "key_pair_id": "key-03a072ae93fde1f72",
            "public_key": "ssh-rsa AAAAB3NzaC1yc2EAAAADAQABAAABgQC2NE6s9T40P9dg2Nw6iMrDm1WjeSWFkDOhdc6y95HjGV+gcRce1FuB5ByNO4cChj5/wWdENA/PoEK5WbUvyyGpBVyI4x8lC1uP2GxScDzrziToa6RlxlVJC1pSAeuOMygEjiBaq7p7ZC6dTVBODq6OEdR0EYkk2gce7XCqf7CZJQBANZQN7LqkfxUr89j2s/M96MGnfMnyOc+4TX0l3r3tOjSX9AfoQnyLOSLUmfihGBrs4JV1I7q+iyzJ5gLGeDiRuiK5XZijRAzRnOl2w1ANYE2tvSwX/5JyWe+FmvxQnxzxkrBWR+eg8WCgIMOCmxpcPtxOaig6V2Ir8hMJYYX5cckd0k1k3nmBxVtkELGR9jatk68agoEWFArNmi28pgjkXLT5mCXk0xwg4FVmyOHUiAeplMn2ubaRAIGjpFJM6cAQrl6WLU9D65p/ZcaDMFvZzk907SDv38RMas6hAH1EyMtIFhrVSZo7DmEcc+IxlgeDWdENi2BU8g2llmftcxk= owner@DESKTOP-8HQMQFH",
            "tags": {},
            "tags_all": {}
          },
          "sensitive_attributes": [],
          "private": "eyJzY2hlbWFfdmVyc2lvbiI6IjEifQ=="
        }
      ]
    },
    {
      "mode": "managed",
      "type": "aws_launch_configuration",
      "name": "ec2-launch-config",
      "provider": "provider[\"registry.terraform.io/hashicorp/aws\"]",
      "instances": [
        {
          "schema_version": 0,
          "attributes": {
            "arn": "arn:aws:autoscaling:us-east-1:895792017190:launchConfiguration:eb71eeb5-da6c-4070-8052-3433307a2b6b:launchConfigurationName/ec2-launch-config",
            "associate_public_ip_address": false,
            "ebs_block_device": [],
            "ebs_optimized": false,
            "enable_monitoring": true,
            "ephemeral_block_device": [],
            "iam_instance_profile": "",
            "id": "ec2-launch-config",
            "image_id": "ami-05e9dcd968a981160",
            "instance_type": "t2.micro",
            "key_name": "",
            "metadata_options": [],
            "name": "ec2-launch-config",
            "name_prefix": "",
            "placement_tenancy": "",
            "root_block_device": [],
            "security_groups": [],
            "spot_price": "",
            "user_data": null,
            "user_data_base64": null,
            "vpc_classic_link_id": "",
            "vpc_classic_link_security_groups": []
          },
          "sensitive_attributes": [],
          "private": "bnVsbA==",
          "dependencies": [
            "data.aws_ami.ubuntu"
          ]
        }
      ]
    },
    {
      "mode": "managed",
      "type": "aws_placement_group",
      "name": "ec2-placement-group",
      "provider": "provider[\"registry.terraform.io/hashicorp/aws\"]",
      "instances": [
        {
          "schema_version": 0,
          "attributes": {
            "arn": "arn:aws:ec2:us-east-1:895792017190:placement-group/ec2-placement-group",
            "id": "ec2-placement-group",
            "name": "ec2-placement-group",
            "partition_count": 0,
            "placement_group_id": "pg-01283f88e7a8eb9dc",
            "strategy": "cluster",
            "tags": {},
            "tags_all": {}
          },
          "sensitive_attributes": [],
          "private": "bnVsbA=="
        }
      ]
    },
    {
      "mode": "managed",
      "type": "aws_security_group",
      "name": "allow_ingress",
      "provider": "provider[\"registry.terraform.io/hashicorp/aws\"]",
      "instances": [
        {
          "schema_version": 1,
          "attributes": {
            "arn": "arn:aws:ec2:us-east-1:895792017190:security-group/sg-0e1a9c3de77cd2054",
            "description": "Allow ssh-http inbound traffic",
            "egress": [
              {
                "cidr_blocks": [
                  "0.0.0.0/0"
                ],
                "description": "",
                "from_port": 0,
                "ipv6_cidr_blocks": [],
                "prefix_list_ids": [],
                "protocol": "-1",
                "security_groups": [],
                "self": false,
                "to_port": 0
              }
            ],
            "id": "sg-0e1a9c3de77cd2054",
            "ingress": [
              {
                "cidr_blocks": [
                  "0.0.0.0/0"
                ],
                "description": "http",
                "from_port": 80,
                "ipv6_cidr_blocks": [],
                "prefix_list_ids": [],
                "protocol": "tcp",
                "security_groups": [],
                "self": false,
                "to_port": 80
              },
              {
                "cidr_blocks": [
                  "172.58.109.180/32"
                ],
                "description": "ssh",
                "from_port": 22,
                "ipv6_cidr_blocks": [],
                "prefix_list_ids": [],
                "protocol": "tcp",
                "security_groups": [],
                "self": false,
                "to_port": 22
              }
            ],
            "name": "allow_ssh-http",
            "name_prefix": "",
            "owner_id": "895792017190",
            "revoke_rules_on_delete": false,
            "tags": {
              "Name": "allow_ssh"
            },
            "tags_all": {
              "Name": "allow_ssh"
            },
            "timeouts": null,
            "vpc_id": "vpc-0f77ba7456fa1930c"
          },
          "sensitive_attributes": [],
          "private": "eyJlMmJmYjczMC1lY2FhLTExZTYtOGY4OC0zNDM2M2JjN2M0YzAiOnsiY3JlYXRlIjo2MDAwMDAwMDAwMDAsImRlbGV0ZSI6OTAwMDAwMDAwMDAwfSwic2NoZW1hX3ZlcnNpb24iOiIxIn0="
        }
      ]
    }
  ]
}
